
Microsoft Visual Studio Solution File, Format Version 12.00
# Visual Studio Version 16
VisualStudioVersion = 16.0.30204.135
MinimumVisualStudioVersion = 10.0.40219.1
Project("{9A19103F-16F7-4668-BE54-9A1E7A4F7556}") = "ConsoleGame", "ConsoleGame.csproj", "{F7DB626C-C892-4A27-9BA8-AFD25F581BB0}"
EndProject
Global
	GlobalSection(SolutionConfigurationPlatforms) = preSolution
		Debug|Any CPU = Debug|Any CPU
		Release|Any CPU = Release|Any CPU
	EndGlobalSection
	GlobalSection(ProjectConfigurationPlatforms) = postSolution
		{F7DB626C-C892-4A27-9BA8-AFD25F581BB0}.Debug|Any CPU.ActiveCfg = Debug|Any CPU
		{F7DB626C-C892-4A27-9BA8-AFD25F581BB0}.Debug|Any CPU.Build.0 = Debug|Any CPU
		{F7DB626C-C892-4A27-9BA8-AFD25F581BB0}.Release|Any CPU.ActiveCfg = Release|Any CPU
		{F7DB626C-C892-4A27-9BA8-AFD25F581BB0}.Release|Any CPU.Build.0 = Release|Any CPU
	EndGlobalSection
	GlobalSection(SolutionProperties) = preSolution
		HideSolutionNode = FALSE
	EndGlobalSection
	GlobalSection(ExtensibilityGlobals) = postSolution
		SolutionGuid = {7814D0D7-1659-4880-89D7-0D4B746AAB41}
	EndGlobalSection
EndGlobal
