
Microsoft Visual Studio Solution File, Format Version 12.00
# Visual Studio Version 16
VisualStudioVersion = 16.0.30204.135
MinimumVisualStudioVersion = 10.0.40219.1
Project("{FAE04EC0-301F-11D3-BF4B-00C04F79EFBC}") = "NumberGuesser", "NumberGuesser.csproj", "{DBEFB62A-BD87-4E4E-B255-6A01C30268D5}"
EndProject
Global
	GlobalSection(SolutionConfigurationPlatforms) = preSolution
		Debug|Any CPU = Debug|Any CPU
		Release|Any CPU = Release|Any CPU
	EndGlobalSection
	GlobalSection(ProjectConfigurationPlatforms) = postSolution
		{DBEFB62A-BD87-4E4E-B255-6A01C30268D5}.Debug|Any CPU.ActiveCfg = Debug|Any CPU
		{DBEFB62A-BD87-4E4E-B255-6A01C30268D5}.Debug|Any CPU.Build.0 = Debug|Any CPU
		{DBEFB62A-BD87-4E4E-B255-6A01C30268D5}.Release|Any CPU.ActiveCfg = Release|Any CPU
		{DBEFB62A-BD87-4E4E-B255-6A01C30268D5}.Release|Any CPU.Build.0 = Release|Any CPU
	EndGlobalSection
	GlobalSection(SolutionProperties) = preSolution
		HideSolutionNode = FALSE
	EndGlobalSection
	GlobalSection(ExtensibilityGlobals) = postSolution
		SolutionGuid = {317FF7B6-4B46-4696-9166-13D331510BEA}
	EndGlobalSection
EndGlobal
